
Microsoft Visual Studio Solution File, Format Version 12.00
# Visual Studio Version 16
VisualStudioVersion = 16.0.31515.178
MinimumVisualStudioVersion = 10.0.40219.1
Project("{FAE04EC0-301F-11D3-BF4B-00C04F79EFBC}") = "ordShop", "ordShop.csproj", "{AF185F09-224F-470D-A20C-4F6CD264BFC7}"
EndProject
Global
	GlobalSection(SolutionConfigurationPlatforms) = preSolution
		Debug|Any CPU = Debug|Any CPU
		Release|Any CPU = Release|Any CPU
	EndGlobalSection
	GlobalSection(ProjectConfigurationPlatforms) = postSolution
		{AF185F09-224F-470D-A20C-4F6CD264BFC7}.Debug|Any CPU.ActiveCfg = Debug|Any CPU
		{AF185F09-224F-470D-A20C-4F6CD264BFC7}.Debug|Any CPU.Build.0 = Debug|Any CPU
		{AF185F09-224F-470D-A20C-4F6CD264BFC7}.Release|Any CPU.ActiveCfg = Release|Any CPU
		{AF185F09-224F-470D-A20C-4F6CD264BFC7}.Release|Any CPU.Build.0 = Release|Any CPU
	EndGlobalSection
	GlobalSection(SolutionProperties) = preSolution
		HideSolutionNode = FALSE
	EndGlobalSection
	GlobalSection(ExtensibilityGlobals) = postSolution
		SolutionGuid = {5C534ECB-DC8F-4433-8899-82CD73C69562}
	EndGlobalSection
EndGlobal
